
Microsoft Visual Studio Solution File, Format Version 12.00
# Visual Studio Version 17
VisualStudioVersion = 17.5.33424.131
MinimumVisualStudioVersion = 10.0.40219.1
Project("{9A19103F-16F7-4668-BE54-9A1E7A4F7556}") = "TonSdk.Core", "TonSdk.Core\src\TonSdk.Core.csproj", "{7F0C7FA3-D15D-4F83-BCC1-0EF5B19B94F5}"
EndProject
Project("{9A19103F-16F7-4668-BE54-9A1E7A4F7556}") = "TonSdk.Core.Tests", "TonSdk.Core\test\TonSdk.Core.Tests.csproj", "{7F0C7FA3-D15D-4F83-BCC1-0EF5B19B96F5}"
EndProject
Project("{9A19103F-16F7-4668-BE54-9A1E7A4F7556}") = "TonSdk.Contracts", "TonSdk.Contracts\src\TonSdk.Contracts.csproj", "{3DE6E205-F960-4D9E-8F33-FA0DCE197616}"
EndProject
Project("{9A19103F-16F7-4668-BE54-9A1E7A4F7556}") = "TonSdk.Contracts.Tests", "TonSdk.Contracts\test\TonSdk.Contracts.Tests.csproj", "{A96FBCB5-3B62-454D-9436-2FB7B6FF0B54}"
EndProject
Project("{9A19103F-16F7-4668-BE54-9A1E7A4F7556}") = "TonSdk.Client", "TonSdk.Client\src\TonSdk.Client.csproj", "{227AD718-F7FA-4E42-8BC1-C949EFF8580C}"
EndProject
Project("{9A19103F-16F7-4668-BE54-9A1E7A4F7556}") = "TonSdk.Client.Tests", "TonSdk.Client\test\TonSdk.Client.Tests.csproj", "{BEE8B4ED-6405-454E-B3B6-B02C0C1F320D}"
EndProject
Project("{FAE04EC0-301F-11D3-BF4B-00C04F79EFBC}") = "TonSdk.Connect", "TonSDK.Connect\TonSdk.Connect.csproj", "{5710B6BD-2C3F-4091-AD51-F6D3D3261EAF}"
EndProject
Project("{FAE04EC0-301F-11D3-BF4B-00C04F79EFBC}") = "TonSdk.Adnl", "TonSdk.Adnl\src\TonSdk.Adnl.csproj", "{98E0A2B9-4E4E-48D2-9FFE-DD9F1CC2AA08}"
EndProject
Project("{FAE04EC0-301F-11D3-BF4B-00C04F79EFBC}") = "TonSdk.Adnl.Tests", "TonSdk.Adnl\test\TonSdk.Adnl.Tests.csproj", "{69DD2D24-5D2E-4B03-B3B3-D661AD4B335C}"
EndProject
Project("{FAE04EC0-301F-11D3-BF4B-00C04F79EFBC}") = "TonSdk.DeFi", "TonSdk.DeFi\TonSdk.DeFi.csproj", "{B5C72F69-66CE-495F-8E5D-B61CE8AAE9BE}"
EndProject
Global
	GlobalSection(SolutionConfigurationPlatforms) = preSolution
		Debug|Any CPU = Debug|Any CPU
		Release|Any CPU = Release|Any CPU
	EndGlobalSection
	GlobalSection(ProjectConfigurationPlatforms) = postSolution
		{7F0C7FA3-D15D-4F83-BCC1-0EF5B19B94F5}.Debug|Any CPU.ActiveCfg = Debug|Any CPU
		{7F0C7FA3-D15D-4F83-BCC1-0EF5B19B94F5}.Debug|Any CPU.Build.0 = Debug|Any CPU
		{7F0C7FA3-D15D-4F83-BCC1-0EF5B19B94F5}.Release|Any CPU.ActiveCfg = Release|Any CPU
		{7F0C7FA3-D15D-4F83-BCC1-0EF5B19B94F5}.Release|Any CPU.Build.0 = Release|Any CPU
		{7F0C7FA3-D15D-4F83-BCC1-0EF5B19B96F5}.Debug|Any CPU.ActiveCfg = Debug|Any CPU
		{7F0C7FA3-D15D-4F83-BCC1-0EF5B19B96F5}.Debug|Any CPU.Build.0 = Debug|Any CPU
		{7F0C7FA3-D15D-4F83-BCC1-0EF5B19B96F5}.Release|Any CPU.ActiveCfg = Release|Any CPU
		{7F0C7FA3-D15D-4F83-BCC1-0EF5B19B96F5}.Release|Any CPU.Build.0 = Release|Any CPU
		{3DE6E205-F960-4D9E-8F33-FA0DCE197616}.Debug|Any CPU.ActiveCfg = Debug|Any CPU
		{3DE6E205-F960-4D9E-8F33-FA0DCE197616}.Debug|Any CPU.Build.0 = Debug|Any CPU
		{3DE6E205-F960-4D9E-8F33-FA0DCE197616}.Release|Any CPU.ActiveCfg = Release|Any CPU
		{3DE6E205-F960-4D9E-8F33-FA0DCE197616}.Release|Any CPU.Build.0 = Release|Any CPU
		{A96FBCB5-3B62-454D-9436-2FB7B6FF0B54}.Debug|Any CPU.ActiveCfg = Debug|Any CPU
		{A96FBCB5-3B62-454D-9436-2FB7B6FF0B54}.Debug|Any CPU.Build.0 = Debug|Any CPU
		{A96FBCB5-3B62-454D-9436-2FB7B6FF0B54}.Release|Any CPU.ActiveCfg = Release|Any CPU
		{A96FBCB5-3B62-454D-9436-2FB7B6FF0B54}.Release|Any CPU.Build.0 = Release|Any CPU
		{227AD718-F7FA-4E42-8BC1-C949EFF8580C}.Debug|Any CPU.ActiveCfg = Debug|Any CPU
		{227AD718-F7FA-4E42-8BC1-C949EFF8580C}.Debug|Any CPU.Build.0 = Debug|Any CPU
		{227AD718-F7FA-4E42-8BC1-C949EFF8580C}.Release|Any CPU.ActiveCfg = Release|Any CPU
		{227AD718-F7FA-4E42-8BC1-C949EFF8580C}.Release|Any CPU.Build.0 = Release|Any CPU
		{BEE8B4ED-6405-454E-B3B6-B02C0C1F320D}.Debug|Any CPU.ActiveCfg = Debug|Any CPU
		{BEE8B4ED-6405-454E-B3B6-B02C0C1F320D}.Debug|Any CPU.Build.0 = Debug|Any CPU
		{BEE8B4ED-6405-454E-B3B6-B02C0C1F320D}.Release|Any CPU.ActiveCfg = Release|Any CPU
		{BEE8B4ED-6405-454E-B3B6-B02C0C1F320D}.Release|Any CPU.Build.0 = Release|Any CPU
		{5710B6BD-2C3F-4091-AD51-F6D3D3261EAF}.Debug|Any CPU.ActiveCfg = Debug|Any CPU
		{5710B6BD-2C3F-4091-AD51-F6D3D3261EAF}.Debug|Any CPU.Build.0 = Debug|Any CPU
		{5710B6BD-2C3F-4091-AD51-F6D3D3261EAF}.Release|Any CPU.ActiveCfg = Release|Any CPU
		{5710B6BD-2C3F-4091-AD51-F6D3D3261EAF}.Release|Any CPU.Build.0 = Release|Any CPU
		{98E0A2B9-4E4E-48D2-9FFE-DD9F1CC2AA08}.Debug|Any CPU.ActiveCfg = Debug|Any CPU
		{98E0A2B9-4E4E-48D2-9FFE-DD9F1CC2AA08}.Debug|Any CPU.Build.0 = Debug|Any CPU
		{98E0A2B9-4E4E-48D2-9FFE-DD9F1CC2AA08}.Release|Any CPU.ActiveCfg = Release|Any CPU
		{98E0A2B9-4E4E-48D2-9FFE-DD9F1CC2AA08}.Release|Any CPU.Build.0 = Release|Any CPU
		{69DD2D24-5D2E-4B03-B3B3-D661AD4B335C}.Debug|Any CPU.ActiveCfg = Debug|Any CPU
		{69DD2D24-5D2E-4B03-B3B3-D661AD4B335C}.Debug|Any CPU.Build.0 = Debug|Any CPU
		{69DD2D24-5D2E-4B03-B3B3-D661AD4B335C}.Release|Any CPU.ActiveCfg = Release|Any CPU
		{69DD2D24-5D2E-4B03-B3B3-D661AD4B335C}.Release|Any CPU.Build.0 = Release|Any CPU
		{B5C72F69-66CE-495F-8E5D-B61CE8AAE9BE}.Debug|Any CPU.ActiveCfg = Debug|Any CPU
		{B5C72F69-66CE-495F-8E5D-B61CE8AAE9BE}.Debug|Any CPU.Build.0 = Debug|Any CPU
		{B5C72F69-66CE-495F-8E5D-B61CE8AAE9BE}.Release|Any CPU.ActiveCfg = Release|Any CPU
		{B5C72F69-66CE-495F-8E5D-B61CE8AAE9BE}.Release|Any CPU.Build.0 = Release|Any CPU
	EndGlobalSection
	GlobalSection(SolutionProperties) = preSolution
		HideSolutionNode = FALSE
	EndGlobalSection
	GlobalSection(ExtensibilityGlobals) = postSolution
		SolutionGuid = {A42AB9BD-5D3A-4357-B5BD-C5ECC13A6E2A}
	EndGlobalSection
EndGlobal
